
Microsoft Visual Studio Solution File, Format Version 12.00
# Visual Studio Version 16
VisualStudioVersion = 16.0.29709.97
MinimumVisualStudioVersion = 10.0.40219.1
Project("{FAE04EC0-301F-11D3-BF4B-00C04F79EFBC}") = "Proyecto2 Clases y Objetos", "Proyecto2 Clases y Objetos.csproj", "{227335B8-3775-4ECE-B95F-B661457B52FD}"
EndProject
Global
	GlobalSection(SolutionConfigurationPlatforms) = preSolution
		Debug|Any CPU = Debug|Any CPU
		Release|Any CPU = Release|Any CPU
	EndGlobalSection
	GlobalSection(ProjectConfigurationPlatforms) = postSolution
		{227335B8-3775-4ECE-B95F-B661457B52FD}.Debug|Any CPU.ActiveCfg = Debug|Any CPU
		{227335B8-3775-4ECE-B95F-B661457B52FD}.Debug|Any CPU.Build.0 = Debug|Any CPU
		{227335B8-3775-4ECE-B95F-B661457B52FD}.Release|Any CPU.ActiveCfg = Release|Any CPU
		{227335B8-3775-4ECE-B95F-B661457B52FD}.Release|Any CPU.Build.0 = Release|Any CPU
	EndGlobalSection
	GlobalSection(SolutionProperties) = preSolution
		HideSolutionNode = FALSE
	EndGlobalSection
	GlobalSection(ExtensibilityGlobals) = postSolution
		SolutionGuid = {A2FC06AF-6FE1-44CE-A767-E365EDE3904D}
	EndGlobalSection
EndGlobal
